<?xml version="1.0" encoding="utf-8"?>
<Project ToolsVersion="4.0" xmlns="http://schemas.microsoft.com/developer/msbuild/2003">
  <ItemGroup>
    <Filter Include="Events">
      <UniqueIdentifier>{3A8963B1-262B-8E87-0FE6-A1DBFB2615D8}</UniqueIdentifier>
    </Filter>
  </ItemGroup>
  <ItemGroup>
    <ClInclude Include="src\imgui\ImGuiLayer.h" />
    <ClInclude Include="src\app\application.h" />
    <ClInclude Include="src\app\Window.h" />
    <ClInclude Include="src\ProjectClassFiles\Bank\Bank.h" />
    <ClInclude Include="src\ProjectClassFiles\Users\Users.h" />
    <ClInclude Include="src\ProjectClassFiles\Items\Item.h" />
    <ClInclude Include="src\ProjectClassFiles\Invoice\invoice.h" />
  </ItemGroup>
  <ItemGroup>
    <ClCompile Include="src\OSS.cpp" />
    <ClCompile Include="src\imgui\ImGuiLayer.cpp" />
    <ClCompile Include="src\imgui\ImGuiBuild.cpp" />
    <ClCompile Include="src\app\application.cpp" />
    <ClCompile Include="src\app\Window.cpp" />
  </ItemGroup>
  <ItemGroup>
    <Text Include="src\Accounts.txt" />
    <Text Include="src\users.txt" />
    <Text Include="src\allOrders.txt" />
    <Text Include="src\Inventory.txt" />
  </ItemGroup>
</Project>